
Microsoft Visual Studio Solution File, Format Version 12.00
# Visual Studio 15
VisualStudioVersion = 15.0.27004.2002
MinimumVisualStudioVersion = 10.0.40219.1
Project("{FAE04EC0-301F-11D3-BF4B-00C04F79EFBC}") = "E-4-2_AguilarZendejasIssacIssai", "E-4-2_AguilarZendejasIssacIssai\E-4-2_AguilarZendejasIssacIssai.csproj", "{5FEC33A4-4C23-4310-A0AB-263DF944A598}"
EndProject
Global
	GlobalSection(SolutionConfigurationPlatforms) = preSolution
		Debug|Any CPU = Debug|Any CPU
		Release|Any CPU = Release|Any CPU
	EndGlobalSection
	GlobalSection(ProjectConfigurationPlatforms) = postSolution
		{5FEC33A4-4C23-4310-A0AB-263DF944A598}.Debug|Any CPU.ActiveCfg = Debug|Any CPU
		{5FEC33A4-4C23-4310-A0AB-263DF944A598}.Debug|Any CPU.Build.0 = Debug|Any CPU
		{5FEC33A4-4C23-4310-A0AB-263DF944A598}.Release|Any CPU.ActiveCfg = Release|Any CPU
		{5FEC33A4-4C23-4310-A0AB-263DF944A598}.Release|Any CPU.Build.0 = Release|Any CPU
	EndGlobalSection
	GlobalSection(SolutionProperties) = preSolution
		HideSolutionNode = FALSE
	EndGlobalSection
	GlobalSection(ExtensibilityGlobals) = postSolution
		SolutionGuid = {0EC686F8-B39B-45D7-B3C1-C2D8239D07A8}
	EndGlobalSection
EndGlobal
