
Microsoft Visual Studio Solution File, Format Version 12.00
# Visual Studio 15
VisualStudioVersion = 15.0.27703.2035
MinimumVisualStudioVersion = 10.0.40219.1
Project("{FAE04EC0-301F-11D3-BF4B-00C04F79EFBC}") = "E3_AguilarZendejasIssacIssai", "E3_AguilarZendejasIssacIssai\E3_AguilarZendejasIssacIssai.csproj", "{847593E1-392D-4639-9A54-DA3079477346}"
EndProject
Global
	GlobalSection(SolutionConfigurationPlatforms) = preSolution
		Debug|Any CPU = Debug|Any CPU
		Release|Any CPU = Release|Any CPU
	EndGlobalSection
	GlobalSection(ProjectConfigurationPlatforms) = postSolution
		{847593E1-392D-4639-9A54-DA3079477346}.Debug|Any CPU.ActiveCfg = Debug|Any CPU
		{847593E1-392D-4639-9A54-DA3079477346}.Debug|Any CPU.Build.0 = Debug|Any CPU
		{847593E1-392D-4639-9A54-DA3079477346}.Release|Any CPU.ActiveCfg = Release|Any CPU
		{847593E1-392D-4639-9A54-DA3079477346}.Release|Any CPU.Build.0 = Release|Any CPU
	EndGlobalSection
	GlobalSection(SolutionProperties) = preSolution
		HideSolutionNode = FALSE
	EndGlobalSection
	GlobalSection(ExtensibilityGlobals) = postSolution
		SolutionGuid = {22BCA6BA-F95B-4671-8D2F-81A7DBFDBAE5}
	EndGlobalSection
EndGlobal
