
Microsoft Visual Studio Solution File, Format Version 12.00
# Visual Studio 15
VisualStudioVersion = 15.0.27004.2002
MinimumVisualStudioVersion = 10.0.40219.1
Project("{FAE04EC0-301F-11D3-BF4B-00C04F79EFBC}") = "PE-2_AguilarZendejasIssacIssai", "PE-2_AguilarZendejasIssacIssai\PE-2_AguilarZendejasIssacIssai.csproj", "{3828F83C-2032-4EA7-87A2-724F0A9255BC}"
EndProject
Global
	GlobalSection(SolutionConfigurationPlatforms) = preSolution
		Debug|Any CPU = Debug|Any CPU
		Release|Any CPU = Release|Any CPU
	EndGlobalSection
	GlobalSection(ProjectConfigurationPlatforms) = postSolution
		{3828F83C-2032-4EA7-87A2-724F0A9255BC}.Debug|Any CPU.ActiveCfg = Debug|Any CPU
		{3828F83C-2032-4EA7-87A2-724F0A9255BC}.Debug|Any CPU.Build.0 = Debug|Any CPU
		{3828F83C-2032-4EA7-87A2-724F0A9255BC}.Release|Any CPU.ActiveCfg = Release|Any CPU
		{3828F83C-2032-4EA7-87A2-724F0A9255BC}.Release|Any CPU.Build.0 = Release|Any CPU
	EndGlobalSection
	GlobalSection(SolutionProperties) = preSolution
		HideSolutionNode = FALSE
	EndGlobalSection
	GlobalSection(ExtensibilityGlobals) = postSolution
		SolutionGuid = {4035E742-D220-4070-A1D5-F71EA8A1EE63}
	EndGlobalSection
EndGlobal
